
Microsoft Visual Studio Solution File, Format Version 12.00
# Visual Studio Version 16
VisualStudioVersion = 16.0.30104.148
MinimumVisualStudioVersion = 10.0.40219.1
Project("{FAE04EC0-301F-11D3-BF4B-00C04F79EFBC}") = "Verve.Utility.Core.ContractResult", "Verve.Utility.Core.ContractResult\Verve.Utility.Core.ContractResult.csproj", "{693A047C-292F-400E-8F4B-49961594D19D}"
EndProject
Global
	GlobalSection(SolutionConfigurationPlatforms) = preSolution
		Debug|Any CPU = Debug|Any CPU
		Release|Any CPU = Release|Any CPU
	EndGlobalSection
	GlobalSection(ProjectConfigurationPlatforms) = postSolution
		{693A047C-292F-400E-8F4B-49961594D19D}.Debug|Any CPU.ActiveCfg = Debug|Any CPU
		{693A047C-292F-400E-8F4B-49961594D19D}.Debug|Any CPU.Build.0 = Debug|Any CPU
		{693A047C-292F-400E-8F4B-49961594D19D}.Release|Any CPU.ActiveCfg = Release|Any CPU
		{693A047C-292F-400E-8F4B-49961594D19D}.Release|Any CPU.Build.0 = Release|Any CPU
	EndGlobalSection
	GlobalSection(SolutionProperties) = preSolution
		HideSolutionNode = FALSE
	EndGlobalSection
	GlobalSection(ExtensibilityGlobals) = postSolution
		SolutionGuid = {25E94E4C-4BA7-433A-AB7F-AEF95B090129}
	EndGlobalSection
EndGlobal
